
Microsoft Visual Studio Solution File, Format Version 12.00
# Visual Studio Version 16
VisualStudioVersion = 16.0.30503.244
MinimumVisualStudioVersion = 10.0.40219.1
Project("{FAE04EC0-301F-11D3-BF4B-00C04F79EFBC}") = "TravisAnimalMatchingGame", "TravisAnimalMatchingGame\TravisAnimalMatchingGame.csproj", "{B2127A61-B18E-4490-AAB2-D10F51C4A0AA}"
EndProject
Global
	GlobalSection(SolutionConfigurationPlatforms) = preSolution
		Debug|Any CPU = Debug|Any CPU
		Release|Any CPU = Release|Any CPU
	EndGlobalSection
	GlobalSection(ProjectConfigurationPlatforms) = postSolution
		{B2127A61-B18E-4490-AAB2-D10F51C4A0AA}.Debug|Any CPU.ActiveCfg = Debug|Any CPU
		{B2127A61-B18E-4490-AAB2-D10F51C4A0AA}.Debug|Any CPU.Build.0 = Debug|Any CPU
		{B2127A61-B18E-4490-AAB2-D10F51C4A0AA}.Release|Any CPU.ActiveCfg = Release|Any CPU
		{B2127A61-B18E-4490-AAB2-D10F51C4A0AA}.Release|Any CPU.Build.0 = Release|Any CPU
	EndGlobalSection
	GlobalSection(SolutionProperties) = preSolution
		HideSolutionNode = FALSE
	EndGlobalSection
	GlobalSection(ExtensibilityGlobals) = postSolution
		SolutionGuid = {1C91CAAB-7EFC-4B43-8B4F-F2D0D30C3D80}
	EndGlobalSection
EndGlobal
